
Microsoft Visual Studio Solution File, Format Version 12.00
# Visual Studio Version 17
VisualStudioVersion = 17.4.33213.308
MinimumVisualStudioVersion = 10.0.40219.1
Project("{9A19103F-16F7-4668-BE54-9A1E7A4F7556}") = "AragenSmartsheet.Web", "AragenSmartsheet.Web\AragenSmartsheet.Web.csproj", "{E6313BEE-FE80-4EAA-835F-F067DF5FAE5B}"
EndProject
Project("{9A19103F-16F7-4668-BE54-9A1E7A4F7556}") = "AragenSmartsheet.Integration", "AragenSmartsheet.Integration\AragenSmartsheet.Integration.csproj", "{F5B9F86B-F611-434E-8BCD-B4E9FE646AD6}"
EndProject
Project("{9A19103F-16F7-4668-BE54-9A1E7A4F7556}") = "AragenSmartsheet.Entities", "AragenSmartsheet.Entities\AragenSmartsheet.Entities.csproj", "{DDAC7065-8DBF-402E-95FA-ADDD9B10F92F}"
EndProject
Project("{9A19103F-16F7-4668-BE54-9A1E7A4F7556}") = "AragenSmartsheet.Data", "AragenSmartsheet.Data\AragenSmartsheet.Data.csproj", "{60E7DF93-D670-4CA6-B732-D6F1D2D36731}"
EndProject
Project("{9A19103F-16F7-4668-BE54-9A1E7A4F7556}") = "AragenSmartsheet.ExcelUtility", "AragenSmartsheet.ExcelUtility\AragenSmartsheet.ExcelUtility.csproj", "{5C60F189-AF97-45DC-8852-668A17227263}"
EndProject
Global
	GlobalSection(SolutionConfigurationPlatforms) = preSolution
		Debug|Any CPU = Debug|Any CPU
		Release|Any CPU = Release|Any CPU
	EndGlobalSection
	GlobalSection(ProjectConfigurationPlatforms) = postSolution
		{E6313BEE-FE80-4EAA-835F-F067DF5FAE5B}.Debug|Any CPU.ActiveCfg = Debug|Any CPU
		{E6313BEE-FE80-4EAA-835F-F067DF5FAE5B}.Debug|Any CPU.Build.0 = Debug|Any CPU
		{E6313BEE-FE80-4EAA-835F-F067DF5FAE5B}.Release|Any CPU.ActiveCfg = Release|Any CPU
		{E6313BEE-FE80-4EAA-835F-F067DF5FAE5B}.Release|Any CPU.Build.0 = Release|Any CPU
		{F5B9F86B-F611-434E-8BCD-B4E9FE646AD6}.Debug|Any CPU.ActiveCfg = Debug|Any CPU
		{F5B9F86B-F611-434E-8BCD-B4E9FE646AD6}.Debug|Any CPU.Build.0 = Debug|Any CPU
		{F5B9F86B-F611-434E-8BCD-B4E9FE646AD6}.Release|Any CPU.ActiveCfg = Release|Any CPU
		{F5B9F86B-F611-434E-8BCD-B4E9FE646AD6}.Release|Any CPU.Build.0 = Release|Any CPU
		{DDAC7065-8DBF-402E-95FA-ADDD9B10F92F}.Debug|Any CPU.ActiveCfg = Debug|Any CPU
		{DDAC7065-8DBF-402E-95FA-ADDD9B10F92F}.Debug|Any CPU.Build.0 = Debug|Any CPU
		{DDAC7065-8DBF-402E-95FA-ADDD9B10F92F}.Release|Any CPU.ActiveCfg = Release|Any CPU
		{DDAC7065-8DBF-402E-95FA-ADDD9B10F92F}.Release|Any CPU.Build.0 = Release|Any CPU
		{60E7DF93-D670-4CA6-B732-D6F1D2D36731}.Debug|Any CPU.ActiveCfg = Debug|Any CPU
		{60E7DF93-D670-4CA6-B732-D6F1D2D36731}.Debug|Any CPU.Build.0 = Debug|Any CPU
		{60E7DF93-D670-4CA6-B732-D6F1D2D36731}.Release|Any CPU.ActiveCfg = Release|Any CPU
		{60E7DF93-D670-4CA6-B732-D6F1D2D36731}.Release|Any CPU.Build.0 = Release|Any CPU
		{5C60F189-AF97-45DC-8852-668A17227263}.Debug|Any CPU.ActiveCfg = Debug|Any CPU
		{5C60F189-AF97-45DC-8852-668A17227263}.Debug|Any CPU.Build.0 = Debug|Any CPU
		{5C60F189-AF97-45DC-8852-668A17227263}.Release|Any CPU.ActiveCfg = Release|Any CPU
		{5C60F189-AF97-45DC-8852-668A17227263}.Release|Any CPU.Build.0 = Release|Any CPU
	EndGlobalSection
	GlobalSection(SolutionProperties) = preSolution
		HideSolutionNode = FALSE
	EndGlobalSection
	GlobalSection(ExtensibilityGlobals) = postSolution
		SolutionGuid = {54A800AB-4E65-42B7-ABA4-E53C70CFF2BD}
	EndGlobalSection
EndGlobal
